<?xml version="1.0" encoding="utf-8"?>
<Project ToolsVersion="4.0" xmlns="http://schemas.microsoft.com/developer/msbuild/2003">
  <ItemGroup>
    <Filter Include="Исходные файлы">
      <UniqueIdentifier>{4FC737F1-C7A5-4376-A066-2A32D752A2FF}</UniqueIdentifier>
      <Extensions>cpp;c;cc;cxx;c++;cppm;ixx;def;odl;idl;hpj;bat;asm;asmx</Extensions>
    </Filter>
    <Filter Include="Файлы заголовков">
      <UniqueIdentifier>{93995380-89BD-4b04-88EB-625FBE52EBFB}</UniqueIdentifier>
      <Extensions>h;hh;hpp;hxx;h++;hm;inl;inc;ipp;xsd</Extensions>
    </Filter>
    <Filter Include="Файлы ресурсов">
      <UniqueIdentifier>{67DA6AB6-F800-4c08-8B7A-83BB121AAD01}</UniqueIdentifier>
      <Extensions>rc;ico;cur;bmp;dlg;rc2;rct;bin;rgs;gif;jpg;jpeg;jpe;resx;tiff;tif;png;wav;mfcribbon-ms</Extensions>
    </Filter>
  </ItemGroup>
  <ItemGroup>
    <ClCompile Include="main.cpp">
      <Filter>Исходные файлы</Filter>
    </ClCompile>
    <ClCompile Include="..\ЛР 2\Задание 1\student_1bib21056.Lab2.Variant16.Task1.ixx">
      <Filter>Исходные файлы</Filter>
    </ClCompile>
    <ClCompile Include="..\ЛР 2\Задание 2\student_1bib21056.Lab2.Variant16.Task2.cpp">
      <Filter>Исходные файлы</Filter>
    </ClCompile>
    <ClCompile Include="..\ЛР 2\Задание 2\student_1bib21056.Lab2.Variant16.Task2.ixx">
      <Filter>Исходные файлы</Filter>
    </ClCompile>
    <ClCompile Include="..\ЛР 2\Задание 3\a_task3.cpp">
      <Filter>Исходные файлы</Filter>
    </ClCompile>
    <ClCompile Include="..\ЛР 2\Задание 3\f1_task3.cpp">
      <Filter>Исходные файлы</Filter>
    </ClCompile>
    <ClCompile Include="..\ЛР 2\Задание 3\f2_task3.cpp">
      <Filter>Исходные файлы</Filter>
    </ClCompile>
    <ClCompile Include="..\ЛР 2\Задание 3\f3_task3.cpp">
      <Filter>Исходные файлы</Filter>
    </ClCompile>
    <ClCompile Include="..\ЛР 2\Задание 3\f4_task3.cpp">
      <Filter>Исходные файлы</Filter>
    </ClCompile>
    <ClCompile Include="..\ЛР 2\Задание 3\student_1bib21056.Lab2.Variant16.Task3.ixx">
      <Filter>Исходные файлы</Filter>
    </ClCompile>
    <ClCompile Include="..\ЛР 2\Задание 4\a_module.ixx">
      <Filter>Исходные файлы</Filter>
    </ClCompile>
    <ClCompile Include="..\ЛР 2\Задание 4\a_task4.cpp">
      <Filter>Исходные файлы</Filter>
    </ClCompile>
    <ClCompile Include="..\ЛР 2\Задание 4\f1_module.ixx">
      <Filter>Исходные файлы</Filter>
    </ClCompile>
    <ClCompile Include="..\ЛР 2\Задание 4\f1_task4.cpp">
      <Filter>Исходные файлы</Filter>
    </ClCompile>
    <ClCompile Include="..\ЛР 2\Задание 4\f2_module.ixx">
      <Filter>Исходные файлы</Filter>
    </ClCompile>
    <ClCompile Include="..\ЛР 2\Задание 4\f2_task4.cpp">
      <Filter>Исходные файлы</Filter>
    </ClCompile>
    <ClCompile Include="..\ЛР 2\Задание 4\f3_module.ixx">
      <Filter>Исходные файлы</Filter>
    </ClCompile>
    <ClCompile Include="..\ЛР 2\Задание 4\f3_task4.cpp">
      <Filter>Исходные файлы</Filter>
    </ClCompile>
    <ClCompile Include="..\ЛР 2\Задание 4\f4_module.ixx">
      <Filter>Исходные файлы</Filter>
    </ClCompile>
    <ClCompile Include="..\ЛР 2\Задание 4\f4_task4.cpp">
      <Filter>Исходные файлы</Filter>
    </ClCompile>
    <ClCompile Include="..\ЛР 2\Задание 4\student_1bib21056.Lab2.Variant16.Task4.ixx">
      <Filter>Исходные файлы</Filter>
    </ClCompile>
    <ClCompile Include="..\ЛР 2\Задание 5\student_1bib21056.Lab2.Variant16.Task5.ixx">
      <Filter>Исходные файлы</Filter>
    </ClCompile>
  </ItemGroup>
</Project>